// !$*UTF8*$!
{
	archiveVersion = 1;
	classes = {
	};
	objectVersion = 46;
	objects = {

/* Begin PBXBuildFile section */
		02EA766B7E9626F802C03F7A /* Pods_LoadImageSample.framework in Frameworks */ = {isa = PBXBuildFile; fileRef = 75B168CEEEAE67BC94EB9E54 /* Pods_LoadImageSample.framework */; };
		4D58EBF71E3D06A900FB4407 /* AppDelegate.swift in Sources */ = {isa = PBXBuildFile; fileRef = 4D58EBF61E3D06A900FB4407 /* AppDelegate.swift */; };
		4D58EBF91E3D06A900FB4407 /* ViewController.swift in Sources */ = {isa = PBXBuildFile; fileRef = 4D58EBF81E3D06A900FB4407 /* ViewController.swift */; };
		4D58EBFC1E3D06A900FB4407 /* Main.storyboard in Resources */ = {isa = PBXBuildFile; fileRef = 4D58EBFA1E3D06A900FB4407 /* Main.storyboard */; };
		4D58EBFE1E3D06A900FB4407 /* Assets.xcassets in Resources */ = {isa = PBXBuildFile; fileRef = 4D58EBFD1E3D06A900FB4407 /* Assets.xcassets */; };
		4D58EC011E3D06A900FB4407 /* LaunchScreen.storyboard in Resources */ = {isa = PBXBuildFile; fileRef = 4D58EBFF1E3D06A900FB4407 /* LaunchScreen.storyboard */; };
/* End PBXBuildFile section */

/* Begin PBXFileReference section */
		084DB2A819670D80E7AEBE51 /* Pods-LoadImageSample.release.xcconfig */ = {isa = PBXFileReference; includeInIndex = 1; lastKnownFileType = text.xcconfig; name = "Pods-LoadImageSample.release.xcconfig"; path = "Pods/Target Support Files/Pods-LoadImageSample/Pods-LoadImageSample.release.xcconfig"; sourceTree = "<group>"; };
		4D58EBF31E3D06A900FB4407 /* LoadImageSample.app */ = {isa = PBXFileReference; explicitFileType = wrapper.application; includeInIndex = 0; path = LoadImageSample.app; sourceTree = BUILT_PRODUCTS_DIR; };
		4D58EBF61E3D06A900FB4407 /* AppDelegate.swift */ = {isa = PBXFileReference; lastKnownFileType = sourcecode.swift; path = AppDelegate.swift; sourceTree = "<group>"; };
		4D58EBF81E3D06A900FB4407 /* ViewController.swift */ = {isa = PBXFileReference; lastKnownFileType = sourcecode.swift; path = ViewController.swift; sourceTree = "<group>"; };
		4D58EBFB1E3D06A900FB4407 /* Base */ = {isa = PBXFileReference; lastKnownFileType = file.storyboard; name = Base; path = Base.lproj/Main.storyboard; sourceTree = "<group>"; };
		4D58EBFD1E3D06A900FB4407 /* Assets.xcassets */ = {isa = PBXFileReference; lastKnownFileType = folder.assetcatalog; path = Assets.xcassets; sourceTree = "<group>"; };
		4D58EC001E3D06A900FB4407 /* Base */ = {isa = PBXFileReference; lastKnownFileType = file.storyboard; name = Base; path = Base.lproj/LaunchScreen.storyboard; sourceTree = "<group>"; };
		4D58EC021E3D06A900FB4407 /* Info.plist */ = {isa = PBXFileReference; lastKnownFileType = text.plist.xml; path = Info.plist; sourceTree = "<group>"; };
		75B168CEEEAE67BC94EB9E54 /* Pods_LoadImageSample.framework */ = {isa = PBXFileReference; explicitFileType = wrapper.framework; includeInIndex = 0; path = Pods_LoadImageSample.framework; sourceTree = BUILT_PRODUCTS_DIR; };
		A07700E8B3EEB5F98B59095A /* Pods-LoadImageSample.debug.xcconfig */ = {isa = PBXFileReference; includeInIndex = 1; lastKnownFileType = text.xcconfig; name = "Pods-LoadImageSample.debug.xcconfig"; path = "Pods/Target Support Files/Pods-LoadImageSample/Pods-LoadImageSample.debug.xcconfig"; sourceTree = "<group>"; };
/* End PBXFileReference section */

/* Begin PBXFrameworksBuildPhase section */
		4D58EBF01E3D06A900FB4407 /* Frameworks */ = {
			isa = PBXFrameworksBuildPhase;
			buildActionMask = 2147483647;
			files = (
				02EA766B7E9626F802C03F7A /* Pods_LoadImageSample.framework in Frameworks */,
			);
			runOnlyForDeploymentPostprocessing = 0;
		};
/* End PBXFrameworksBuildPhase section */

/* Begin PBXGroup section */
		02A9160DF4D9AC853CE7BE09 /* Frameworks */ = {
			isa = PBXGroup;
			children = (
				75B168CEEEAE67BC94EB9E54 /* Pods_LoadImageSample.framework */,
			);
			name = Frameworks;
			sourceTree = "<group>";
		};
		4D58EBEA1E3D06A900FB4407 = {
			isa = PBXGroup;
			children = (
				4D58EBF51E3D06A900FB4407 /* LoadImageSample */,
				4D58EBF41E3D06A900FB4407 /* Products */,
				B147929F3AF8D774809832B7 /* Pods */,
				02A9160DF4D9AC853CE7BE09 /* Frameworks */,
			);
			sourceTree = "<group>";
		};
		4D58EBF41E3D06A900FB4407 /* Products */ = {
			isa = PBXGroup;
			children = (
				4D58EBF31E3D06A900FB4407 /* LoadImageSample.app */,
			);
			name = Products;
			sourceTree = "<group>";
		};
		4D58EBF51E3D06A900FB4407 /* LoadImageSample */ = {
			isa = PBXGroup;
			children = (
				4D58EBF61E3D06A900FB4407 /* AppDelegate.swift */,
				4D58EBF81E3D06A900FB4407 /* ViewController.swift */,
				4D58EBFA1E3D06A900FB4407 /* Main.storyboard */,
				4D58EBFD1E3D06A900FB4407 /* Assets.xcassets */,
				4D58EBFF1E3D06A900FB4407 /* LaunchScreen.storyboard */,
				4D58EC021E3D06A900FB4407 /* Info.plist */,
			);
			path = LoadImageSample;
			sourceTree = "<group>";
		};
		B147929F3AF8D774809832B7 /* Pods */ = {
			isa = PBXGroup;
			children = (
				A07700E8B3EEB5F98B59095A /* Pods-LoadImageSample.debug.xcconfig */,
				084DB2A819670D80E7AEBE51 /* Pods-LoadImageSample.release.xcconfig */,
			);
			name = Pods;
			sourceTree = "<group>";
		};
/* End PBXGroup section */

/* Begin PBXNativeTarget section */
		4D58EBF21E3D06A900FB4407 /* LoadImageSample */ = {
			isa = PBXNativeTarget;
			buildConfigurationList = 4D58EC051E3D06A900FB4407 /* Build configuration list for PBXNativeTarget "LoadImageSample" */;
			buildPhases = (
				AE926742F82E0614929046B8 /* [CP] Check Pods Manifest.lock */,
				4D58EBEF1E3D06A900FB4407 /* Sources */,
				4D58EBF01E3D06A900FB4407 /* Frameworks */,
				4D58EBF11E3D06A900FB4407 /* Resources */,
				2D79A038644644AC289447D7 /* [CP] Embed Pods Frameworks */,
				8D83210F4FE02CEF683F3A5E /* [CP] Copy Pods Resources */,
			);
			buildRules = (
			);
			dependencies = (
			);
			name = LoadImageSample;
			productName = LoadImageSample;
			productReference = 4D58EBF31E3D06A900FB4407 /* LoadImageSample.app */;
			productType = "com.apple.product-type.application";
		};
/* End PBXNativeTarget section */

/* Begin PBXProject section */
		4D58EBEB1E3D06A900FB4407 /* Project object */ = {
			isa = PBXProject;
			attributes = {
				LastSwiftUpdateCheck = 0800;
				LastUpgradeCheck = 0800;
				ORGANIZATIONNAME = tmiyamon;
				TargetAttributes = {
					4D58EBF21E3D06A900FB4407 = {
						CreatedOnToolsVersion = 8.0;
						ProvisioningStyle = Automatic;
					};
				};
			};
			buildConfigurationList = 4D58EBEE1E3D06A900FB4407 /* Build configuration list for PBXProject "LoadImageSample" */;
			compatibilityVersion = "Xcode 3.2";
			developmentRegion = English;
			hasScannedForEncodings = 0;
			knownRegions = (
				en,
				Base,
			);
			mainGroup = 4D58EBEA1E3D06A900FB4407;
			productRefGroup = 4D58EBF41E3D06A900FB4407 /* Products */;
			projectDirPath = "";
			projectRoot = "";
			targets = (
				4D58EBF21E3D06A900FB4407 /* LoadImageSample */,
			);
		};
/* End PBXProject section */

/* Begin PBXResourcesBuildPhase section */
		4D58EBF11E3D06A900FB4407 /* Resources */ = {
			isa = PBXResourcesBuildPhase;
			buildActionMask = 2147483647;
			files = (
				4D58EC011E3D06A900FB4407 /* LaunchScreen.storyboard in Resources */,
				4D58EBFE1E3D06A900FB4407 /* Assets.xcassets in Resources */,
				4D58EBFC1E3D06A900FB4407 /* Main.storyboard in Resources */,
			);
			runOnlyForDeploymentPostprocessing = 0;
		};
/* End PBXResourcesBuildPhase section */

/* Begin PBXShellScriptBuildPhase section */
		2D79A038644644AC289447D7 /* [CP] Embed Pods Frameworks */ = {
			isa = PBXShellScriptBuildPhase;
			buildActionMask = 2147483647;
			files = (
			);
			inputPaths = (
			);
			name = "[CP] Embed Pods Frameworks";
			outputPaths = (
			);
			runOnlyForDeploymentPostprocessing = 0;
			shellPath = /bin/sh;
			shellScript = "\"${SRCROOT}/Pods/Target Support Files/Pods-LoadImageSample/Pods-LoadImageSample-frameworks.sh\"\n";
			showEnvVarsInLog = 0;
		};
		8D83210F4FE02CEF683F3A5E /* [CP] Copy Pods Resources */ = {
			isa = PBXShellScriptBuildPhase;
			buildActionMask = 2147483647;
			files = (
			);
			inputPaths = (
			);
			name = "[CP] Copy Pods Resources";
			outputPaths = (
			);
			runOnlyForDeploymentPostprocessing = 0;
			shellPath = /bin/sh;
			shellScript = "\"${SRCROOT}/Pods/Target Support Files/Pods-LoadImageSample/Pods-LoadImageSample-resources.sh\"\n";
			showEnvVarsInLog = 0;
		};
		AE926742F82E0614929046B8 /* [CP] Check Pods Manifest.lock */ = {
			isa = PBXShellScriptBuildPhase;
			buildActionMask = 2147483647;
			files = (
			);
			inputPaths = (
			);
			name = "[CP] Check Pods Manifest.lock";
			outputPaths = (
			);
			runOnlyForDeploymentPostprocessing = 0;
			shellPath = /bin/sh;
			shellScript = "diff \"${PODS_ROOT}/../Podfile.lock\" \"${PODS_ROOT}/Manifest.lock\" > /dev/null\nif [ $? != 0 ] ; then\n    # print error to STDERR\n    echo \"error: The sandbox is not in sync with the Podfile.lock. Run 'pod install' or update your CocoaPods installation.\" >&2\n    exit 1\nfi\n";
			showEnvVarsInLog = 0;
		};
/* End PBXShellScriptBuildPhase section */

/* Begin PBXSourcesBuildPhase section */
		4D58EBEF1E3D06A900FB4407 /* Sources */ = {
			isa = PBXSourcesBuildPhase;
			buildActionMask = 2147483647;
			files = (
				4D58EBF91E3D06A900FB4407 /* ViewController.swift in Sources */,
				4D58EBF71E3D06A900FB4407 /* AppDelegate.swift in Sources */,
			);
			runOnlyForDeploymentPostprocessing = 0;
		};
/* End PBXSourcesBuildPhase section */

/* Begin PBXVariantGroup section */
		4D58EBFA1E3D06A900FB4407 /* Main.storyboard */ = {
			isa = PBXVariantGroup;
			children = (
				4D58EBFB1E3D06A900FB4407 /* Base */,
			);
			name = Main.storyboard;
			sourceTree = "<group>";
		};
		4D58EBFF1E3D06A900FB4407 /* LaunchScreen.storyboard */ = {
			isa = PBXVariantGroup;
			children = (
				4D58EC001E3D06A900FB4407 /* Base */,
			);
			name = LaunchScreen.storyboard;
			sourceTree = "<group>";
		};
/* End PBXVariantGroup section */

/* Begin XCBuildConfiguration section */
		4D58EC031E3D06A900FB4407 /* Debug */ = {
			isa = XCBuildConfiguration;
			buildSettings = {
				ALWAYS_SEARCH_USER_PATHS = NO;
				CLANG_ANALYZER_NONNULL = YES;
				CLANG_CXX_LANGUAGE_STANDARD = "gnu++0x";
				CLANG_CXX_LIBRARY = "libc++";
				CLANG_ENABLE_MODULES = YES;
				CLANG_ENABLE_OBJC_ARC = YES;
				CLANG_WARN_BOOL_CONVERSION = YES;
				CLANG_WARN_CONSTANT_CONVERSION = YES;
				CLANG_WARN_DIRECT_OBJC_ISA_USAGE = YES_ERROR;
				CLANG_WARN_DOCUMENTATION_COMMENTS = YES;
				CLANG_WARN_EMPTY_BODY = YES;
				CLANG_WARN_ENUM_CONVERSION = YES;
				CLANG_WARN_INFINITE_RECURSION = YES;
				CLANG_WARN_INT_CONVERSION = YES;
				CLANG_WARN_OBJC_ROOT_CLASS = YES_ERROR;
				CLANG_WARN_SUSPICIOUS_MOVES = YES;
				CLANG_WARN_UNREACHABLE_CODE = YES;
				CLANG_WARN__DUPLICATE_METHOD_MATCH = YES;
				"CODE_SIGN_IDENTITY[sdk=iphoneos*]" = "iPhone Developer";
				COPY_PHASE_STRIP = NO;
				DEBUG_INFORMATION_FORMAT = dwarf;
				ENABLE_STRICT_OBJC_MSGSEND = YES;
				ENABLE_TESTABILITY = YES;
				GCC_C_LANGUAGE_STANDARD = gnu99;
				GCC_DYNAMIC_NO_PIC = NO;
				GCC_NO_COMMON_BLOCKS = YES;
				GCC_OPTIMIZATION_LEVEL = 0;
				GCC_PREPROCESSOR_DEFINITIONS = (
					"DEBUG=1",
					"$(inherited)",
				);
				GCC_WARN_64_TO_32_BIT_CONVERSION = YES;
				GCC_WARN_ABOUT_RETURN_TYPE = YES_ERROR;
				GCC_WARN_UNDECLARED_SELECTOR = YES;
				GCC_WARN_UNINITIALIZED_AUTOS = YES_AGGRESSIVE;
				GCC_WARN_UNUSED_FUNCTION = YES;
				GCC_WARN_UNUSED_VARIABLE = YES;
				IPHONEOS_DEPLOYMENT_TARGET = 10.0;
				MTL_ENABLE_DEBUG_INFO = YES;
				ONLY_ACTIVE_ARCH = YES;
				SDKROOT = iphoneos;
				SWIFT_ACTIVE_COMPILATION_CONDITIONS = DEBUG;
				SWIFT_OPTIMIZATION_LEVEL = "-Onone";
				TARGETED_DEVICE_FAMILY = "1,2";
			};
			name = Debug;
		};
		4D58EC041E3D06A900FB4407 /* Release */ = {
			isa = XCBuildConfiguration;
			buildSettings = {
				ALWAYS_SEARCH_USER_PATHS = NO;
				CLANG_ANALYZER_NONNULL = YES;
				CLANG_CXX_LANGUAGE_STANDARD = "gnu++0x";
				CLANG_CXX_LIBRARY = "libc++";
				CLANG_ENABLE_MODULES = YES;
				CLANG_ENABLE_OBJC_ARC = YES;
				CLANG_WARN_BOOL_CONVERSION = YES;
				CLANG_WARN_CONSTANT_CONVERSION = YES;
				CLANG_WARN_DIRECT_OBJC_ISA_USAGE = YES_ERROR;
				CLANG_WARN_DOCUMENTATION_COMMENTS = YES;
				CLANG_WARN_EMPTY_BODY = YES;
				CLANG_WARN_ENUM_CONVERSION = YES;
				CLANG_WARN_INFINITE_RECURSION = YES;
				CLANG_WARN_INT_CONVERSION = YES;
				CLANG_WARN_OBJC_ROOT_CLASS = YES_ERROR;
				CLANG_WARN_SUSPICIOUS_MOVES = YES;
				CLANG_WARN_UNREACHABLE_CODE = YES;
				CLANG_WARN__DUPLICATE_METHOD_MATCH = YES;
				"CODE_SIGN_IDENTITY[sdk=iphoneos*]" = "iPhone Developer";
				COPY_PHASE_STRIP = NO;
				DEBUG_INFORMATION_FORMAT = "dwarf-with-dsym";
				ENABLE_NS_ASSERTIONS = NO;
				ENABLE_STRICT_OBJC_MSGSEND = YES;
				GCC_C_LANGUAGE_STANDARD = gnu99;
				GCC_NO_COMMON_BLOCKS = YES;
				GCC_WARN_64_TO_32_BIT_CONVERSION = YES;
				GCC_WARN_ABOUT_RETURN_TYPE = YES_ERROR;
				GCC_WARN_UNDECLARED_SELECTOR = YES;
				GCC_WARN_UNINITIALIZED_AUTOS = YES_AGGRESSIVE;
				GCC_WARN_UNUSED_FUNCTION = YES;
				GCC_WARN_UNUSED_VARIABLE = YES;
				IPHONEOS_DEPLOYMENT_TARGET = 10.0;
				MTL_ENABLE_DEBUG_INFO = NO;
				SDKROOT = iphoneos;
				SWIFT_OPTIMIZATION_LEVEL = "-Owholemodule";
				TARGETED_DEVICE_FAMILY = "1,2";
				VALIDATE_PRODUCT = YES;
			};
			name = Release;
		};
		4D58EC061E3D06A900FB4407 /* Debug */ = {
			isa = XCBuildConfiguration;
			baseConfigurationReference = A07700E8B3EEB5F98B59095A /* Pods-LoadImageSample.debug.xcconfig */;
			buildSettings = {
				ASSETCATALOG_COMPILER_APPICON_NAME = AppIcon;
				INFOPLIST_FILE = LoadImageSample/Info.plist;
				LD_RUNPATH_SEARCH_PATHS = "$(inherited) @executable_path/Frameworks";
				PRODUCT_BUNDLE_IDENTIFIER = com.tmiyamon.LoadImageSample;
				PRODUCT_NAME = "$(TARGET_NAME)";
				SWIFT_VERSION = 3.0;
			};
			name = Debug;
		};
		4D58EC071E3D06A900FB4407 /* Release */ = {
			isa = XCBuildConfiguration;
			baseConfigurationReference = 084DB2A819670D80E7AEBE51 /* Pods-LoadImageSample.release.xcconfig */;
			buildSettings = {
				ASSETCATALOG_COMPILER_APPICON_NAME = AppIcon;
				INFOPLIST_FILE = LoadImageSample/Info.plist;
				LD_RUNPATH_SEARCH_PATHS = "$(inherited) @executable_path/Frameworks";
				PRODUCT_BUNDLE_IDENTIFIER = com.tmiyamon.LoadImageSample;
				PRODUCT_NAME = "$(TARGET_NAME)";
				SWIFT_VERSION = 3.0;
			};
			name = Release;
		};
/* End XCBuildConfiguration section */

/* Begin XCConfigurationList section */
		4D58EBEE1E3D06A900FB4407 /* Build configuration list for PBXProject "LoadImageSample" */ = {
			isa = XCConfigurationList;
			buildConfigurations = (
				4D58EC031E3D06A900FB4407 /* Debug */,
				4D58EC041E3D06A900FB4407 /* Release */,
			);
			defaultConfigurationIsVisible = 0;
			defaultConfigurationName = Release;
		};
		4D58EC051E3D06A900FB4407 /* Build configuration list for PBXNativeTarget "LoadImageSample" */ = {
			isa = XCConfigurationList;
			buildConfigurations = (
				4D58EC061E3D06A900FB4407 /* Debug */,
				4D58EC071E3D06A900FB4407 /* Release */,
			);
			defaultConfigurationIsVisible = 0;
		};
/* End XCConfigurationList section */
	};
	rootObject = 4D58EBEB1E3D06A900FB4407 /* Project object */;
}
